PODS:
  - AFNetworking (2.0.3):
    - AFNetworking/NSURLConnection
    - AFNetworking/NSURLSession
    - AFNetworking/Reachability
    - AFNetworking/Security
    - AFNetworking/Serialization
    - AFNetworking/UIKit
  - AFNetworking/NSURLConnection (2.0.3):
    - AFNetworking/Reachability
    - AFNetworking/Security
    - AFNetworking/Serialization
  - AFNetworking/NSURLSession (2.0.3):
    - AFNetworking/NSURLConnection
  - AFNetworking/Reachability (2.0.3)
  - AFNetworking/Security (2.0.3)
  - AFNetworking/Serialization (2.0.3)
  - AFNetworking/UIKit (2.0.3):
    - AFNetworking/NSURLConnection
  - IGHTMLQuery/JavaScript (0.6.0)
  - IGScraperKit/JavaScript (0.1.0):
    - IGHTMLQuery/JavaScript

DEPENDENCIES:
  - AFNetworking (~> 2.0.0)
  - IGScraperKit/JavaScript (from `https://raw.github.com/siuying/IGScraperKit/master/IGScraperKit.podspec`)

EXTERNAL SOURCES:
  IGScraperKit:
    :podspec: https://raw.github.com/siuying/IGScraperKit/master/IGScraperKit.podspec

SPEC CHECKSUMS:
  AFNetworking: e499052cbf3d743e9bb727bb37adb9dc2547ba15
  IGHTMLQuery: dff07a2875aaf1090ab5b0e270a508981e32a916
  IGScraperKit: 9e47f5338459c89ac801c624ebfadf71a0152b52

COCOAPODS: 0.28.0
