// !$*UTF8*$!
{
	archiveVersion = 1;
	classes = {
	};
	objectVersion = 46;
	objects = {

/* Begin PBXBuildFile section */
		546ADC3818688159000C875F /* Foundation.framework in Frameworks */ = {isa = PBXBuildFile; fileRef = 546ADC3718688159000C875F /* Foundation.framework */; };
		546ADC3A18688159000C875F /* CoreGraphics.framework in Frameworks */ = {isa = PBXBuildFile; fileRef = 546ADC3918688159000C875F /* CoreGraphics.framework */; };
		546ADC3C18688159000C875F /* UIKit.framework in Frameworks */ = {isa = PBXBuildFile; fileRef = 546ADC3B18688159000C875F /* UIKit.framework */; };
		546ADC4218688159000C875F /* InfoPlist.strings in Resources */ = {isa = PBXBuildFile; fileRef = 546ADC4018688159000C875F /* InfoPlist.strings */; };
		546ADC4418688159000C875F /* main.m in Sources */ = {isa = PBXBuildFile; fileRef = 546ADC4318688159000C875F /* main.m */; };
		546ADC4818688159000C875F /* IGAppDelegate.m in Sources */ = {isa = PBXBuildFile; fileRef = 546ADC4718688159000C875F /* IGAppDelegate.m */; };
		546ADC501868815A000C875F /* Images.xcassets in Resources */ = {isa = PBXBuildFile; fileRef = 546ADC4F1868815A000C875F /* Images.xcassets */; };
		546ADC571868815A000C875F /* XCTest.framework in Frameworks */ = {isa = PBXBuildFile; fileRef = 546ADC561868815A000C875F /* XCTest.framework */; };
		546ADC581868815A000C875F /* Foundation.framework in Frameworks */ = {isa = PBXBuildFile; fileRef = 546ADC3718688159000C875F /* Foundation.framework */; };
		546ADC591868815A000C875F /* UIKit.framework in Frameworks */ = {isa = PBXBuildFile; fileRef = 546ADC3B18688159000C875F /* UIKit.framework */; };
		546ADC611868815A000C875F /* InfoPlist.strings in Resources */ = {isa = PBXBuildFile; fileRef = 546ADC5F1868815A000C875F /* InfoPlist.strings */; };
		546ADC6F186883D5000C875F /* CK101Client.m in Sources */ = {isa = PBXBuildFile; fileRef = 546ADC6E186883D5000C875F /* CK101Client.m */; };
		546ADC721868853F000C875F /* CKThread.m in Sources */ = {isa = PBXBuildFile; fileRef = 546ADC711868853F000C875F /* CKThread.m */; };
		546ADC7418688699000C875F /* CKThreadSpec.m in Sources */ = {isa = PBXBuildFile; fileRef = 546ADC7318688699000C875F /* CKThreadSpec.m */; };
		546ADC75186887C1000C875F /* CK101Client.m in Sources */ = {isa = PBXBuildFile; fileRef = 546ADC6E186883D5000C875F /* CK101Client.m */; };
		546ADC76186887C1000C875F /* CKThread.m in Sources */ = {isa = PBXBuildFile; fileRef = 546ADC711868853F000C875F /* CKThread.m */; };
		546ADC7918689005000C875F /* CKThreadDetail.m in Sources */ = {isa = PBXBuildFile; fileRef = 546ADC7818689005000C875F /* CKThreadDetail.m */; };
		546ADC7A18689005000C875F /* CKThreadDetail.m in Sources */ = {isa = PBXBuildFile; fileRef = 546ADC7818689005000C875F /* CKThreadDetail.m */; };
		546ADC7D18689103000C875F /* CKThreadDetailSpec.m in Sources */ = {isa = PBXBuildFile; fileRef = 546ADC7B18689103000C875F /* CKThreadDetailSpec.m */; };
		546ADC8218689ADB000C875F /* CKThreadScraper.m in Sources */ = {isa = PBXBuildFile; fileRef = 546ADC8118689ADB000C875F /* CKThreadScraper.m */; };
		546ADC8318689ADB000C875F /* CKThreadScraper.m in Sources */ = {isa = PBXBuildFile; fileRef = 546ADC8118689ADB000C875F /* CKThreadScraper.m */; };
		546ADC8718689BD7000C875F /* CKThreadDetailScraper.m in Sources */ = {isa = PBXBuildFile; fileRef = 546ADC8618689BD7000C875F /* CKThreadDetailScraper.m */; };
		546ADC8818689BD7000C875F /* CKThreadDetailScraper.m in Sources */ = {isa = PBXBuildFile; fileRef = 546ADC8618689BD7000C875F /* CKThreadDetailScraper.m */; };
		546ADC8C18689E2C000C875F /* CKThreadViewController.m in Sources */ = {isa = PBXBuildFile; fileRef = 546ADC8B18689E2C000C875F /* CKThreadViewController.m */; };
		546ADC8D18689E2C000C875F /* CKThreadViewController.m in Sources */ = {isa = PBXBuildFile; fileRef = 546ADC8B18689E2C000C875F /* CKThreadViewController.m */; };
		546ADC9118689F14000C875F /* CKThreadCell.m in Sources */ = {isa = PBXBuildFile; fileRef = 546ADC9018689F14000C875F /* CKThreadCell.m */; };
		546ADC9218689F14000C875F /* CKThreadCell.m in Sources */ = {isa = PBXBuildFile; fileRef = 546ADC9018689F14000C875F /* CKThreadCell.m */; };
		546ADC951868A7B0000C875F /* CKThreadDetailPhotoModel.m in Sources */ = {isa = PBXBuildFile; fileRef = 546ADC941868A7B0000C875F /* CKThreadDetailPhotoModel.m */; };
		546ADC961868A7B0000C875F /* CKThreadDetailPhotoModel.m in Sources */ = {isa = PBXBuildFile; fileRef = 546ADC941868A7B0000C875F /* CKThreadDetailPhotoModel.m */; };
		F515510285CA42E39E83A6D3 /* libPods.a in Frameworks */ = {isa = PBXBuildFile; fileRef = B5EB77F821F64E14A8BC0C88 /* libPods.a */; };
		F7AA97531DFA4048BB6295BD /* libPods-iloveck101Tests.a in Frameworks */ = {isa = PBXBuildFile; fileRef = 1AF073818379404F93A8AF57 /* libPods-iloveck101Tests.a */; };
/* End PBXBuildFile section */

/* Begin PBXContainerItemProxy section */
		546ADC5A1868815A000C875F /* PBXContainerItemProxy */ = {
			isa = PBXContainerItemProxy;
			containerPortal = 546ADC2C18688159000C875F /* Project object */;
			proxyType = 1;
			remoteGlobalIDString = 546ADC3318688159000C875F;
			remoteInfo = iloveck101;
		};
/* End PBXContainerItemProxy section */

/* Begin PBXFileReference section */
		1AF073818379404F93A8AF57 /* libPods-iloveck101Tests.a */ = {isa = PBXFileReference; explicitFileType = archive.ar; includeInIndex = 0; path = "libPods-iloveck101Tests.a"; sourceTree = BUILT_PRODUCTS_DIR; };
		546ADC3418688159000C875F /* iloveck101.app */ = {isa = PBXFileReference; explicitFileType = wrapper.application; includeInIndex = 0; path = iloveck101.app; sourceTree = BUILT_PRODUCTS_DIR; };
		546ADC3718688159000C875F /* Foundation.framework */ = {isa = PBXFileReference; lastKnownFileType = wrapper.framework; name = Foundation.framework; path = System/Library/Frameworks/Foundation.framework; sourceTree = SDKROOT; };
		546ADC3918688159000C875F /* CoreGraphics.framework */ = {isa = PBXFileReference; lastKnownFileType = wrapper.framework; name = CoreGraphics.framework; path = System/Library/Frameworks/CoreGraphics.framework; sourceTree = SDKROOT; };
		546ADC3B18688159000C875F /* UIKit.framework */ = {isa = PBXFileReference; lastKnownFileType = wrapper.framework; name = UIKit.framework; path = System/Library/Frameworks/UIKit.framework; sourceTree = SDKROOT; };
		546ADC3F18688159000C875F /* iloveck101-Info.plist */ = {isa = PBXFileReference; lastKnownFileType = text.plist.xml; path = "iloveck101-Info.plist"; sourceTree = "<group>"; };
		546ADC4118688159000C875F /* en */ = {isa = PBXFileReference; lastKnownFileType = text.plist.strings; name = en; path = en.lproj/InfoPlist.strings; sourceTree = "<group>"; };
		546ADC4318688159000C875F /* main.m */ = {isa = PBXFileReference; lastKnownFileType = sourcecode.c.objc; path = main.m; sourceTree = "<group>"; };
		546ADC4518688159000C875F /* iloveck101-Prefix.pch */ = {isa = PBXFileReference; lastKnownFileType = sourcecode.c.h; path = "iloveck101-Prefix.pch"; sourceTree = "<group>"; };
		546ADC4618688159000C875F /* IGAppDelegate.h */ = {isa = PBXFileReference; lastKnownFileType = sourcecode.c.h; path = IGAppDelegate.h; sourceTree = "<group>"; };
		546ADC4718688159000C875F /* IGAppDelegate.m */ = {isa = PBXFileReference; lastKnownFileType = sourcecode.c.objc; path = IGAppDelegate.m; sourceTree = "<group>"; };
		546ADC4F1868815A000C875F /* Images.xcassets */ = {isa = PBXFileReference; lastKnownFileType = folder.assetcatalog; path = Images.xcassets; sourceTree = "<group>"; };
		546ADC551868815A000C875F /* iloveck101Tests.xctest */ = {isa = PBXFileReference; explicitFileType = wrapper.cfbundle; includeInIndex = 0; path = iloveck101Tests.xctest; sourceTree = BUILT_PRODUCTS_DIR; };
		546ADC561868815A000C875F /* XCTest.framework */ = {isa = PBXFileReference; lastKnownFileType = wrapper.framework; name = XCTest.framework; path = Library/Frameworks/XCTest.framework; sourceTree = DEVELOPER_DIR; };
		546ADC5E1868815A000C875F /* iloveck101Tests-Info.plist */ = {isa = PBXFileReference; lastKnownFileType = text.plist.xml; path = "iloveck101Tests-Info.plist"; sourceTree = "<group>"; };
		546ADC601868815A000C875F /* en */ = {isa = PBXFileReference; lastKnownFileType = text.plist.strings; name = en; path = en.lproj/InfoPlist.strings; sourceTree = "<group>"; };
		546ADC6D186883D5000C875F /* CK101Client.h */ = {isa = PBXFileReference; fileEncoding = 4; lastKnownFileType = sourcecode.c.h; name = CK101Client.h; path = Models/CK101Client.h; sourceTree = "<group>"; };
		546ADC6E186883D5000C875F /* CK101Client.m */ = {isa = PBXFileReference; fileEncoding = 4; lastKnownFileType = sourcecode.c.objc; name = CK101Client.m; path = Models/CK101Client.m; sourceTree = "<group>"; };
		546ADC701868853F000C875F /* CKThread.h */ = {isa = PBXFileReference; fileEncoding = 4; lastKnownFileType = sourcecode.c.h; name = CKThread.h; path = Models/CKThread.h; sourceTree = "<group>"; };
		546ADC711868853F000C875F /* CKThread.m */ = {isa = PBXFileReference; fileEncoding = 4; lastKnownFileType = sourcecode.c.objc; name = CKThread.m; path = Models/CKThread.m; sourceTree = "<group>"; };
		546ADC7318688699000C875F /* CKThreadSpec.m */ = {isa = PBXFileReference; fileEncoding = 4; lastKnownFileType = sourcecode.c.objc; path = CKThreadSpec.m; sourceTree = "<group>"; };
		546ADC7718689005000C875F /* CKThreadDetail.h */ = {isa = PBXFileReference; fileEncoding = 4; lastKnownFileType = sourcecode.c.h; name = CKThreadDetail.h; path = Models/CKThreadDetail.h; sourceTree = "<group>"; };
		546ADC7818689005000C875F /* CKThreadDetail.m */ = {isa = PBXFileReference; fileEncoding = 4; lastKnownFileType = sourcecode.c.objc; name = CKThreadDetail.m; path = Models/CKThreadDetail.m; sourceTree = "<group>"; };
		546ADC7B18689103000C875F /* CKThreadDetailSpec.m */ = {isa = PBXFileReference; fileEncoding = 4; lastKnownFileType = sourcecode.c.objc; path = CKThreadDetailSpec.m; sourceTree = "<group>"; };
		546ADC8018689ADB000C875F /* CKThreadScraper.h */ = {isa = PBXFileReference; fileEncoding = 4; lastKnownFileType = sourcecode.c.h; name = CKThreadScraper.h; path = Models/CKThreadScraper.h; sourceTree = "<group>"; };
		546ADC8118689ADB000C875F /* CKThreadScraper.m */ = {isa = PBXFileReference; fileEncoding = 4; lastKnownFileType = sourcecode.c.objc; name = CKThreadScraper.m; path = Models/CKThreadScraper.m; sourceTree = "<group>"; };
		546ADC8518689BD7000C875F /* CKThreadDetailScraper.h */ = {isa = PBXFileReference; fileEncoding = 4; lastKnownFileType = sourcecode.c.h; name = CKThreadDetailScraper.h; path = Models/CKThreadDetailScraper.h; sourceTree = "<group>"; };
		546ADC8618689BD7000C875F /* CKThreadDetailScraper.m */ = {isa = PBXFileReference; fileEncoding = 4; lastKnownFileType = sourcecode.c.objc; name = CKThreadDetailScraper.m; path = Models/CKThreadDetailScraper.m; sourceTree = "<group>"; };
		546ADC8A18689E2C000C875F /* CKThreadViewController.h */ = {isa = PBXFileReference; fileEncoding = 4; lastKnownFileType = sourcecode.c.h; name = CKThreadViewController.h; path = Controllers/CKThreadViewController.h; sourceTree = "<group>"; };
		546ADC8B18689E2C000C875F /* CKThreadViewController.m */ = {isa = PBXFileReference; fileEncoding = 4; lastKnownFileType = sourcecode.c.objc; name = CKThreadViewController.m; path = Controllers/CKThreadViewController.m; sourceTree = "<group>"; };
		546ADC8F18689F14000C875F /* CKThreadCell.h */ = {isa = PBXFileReference; fileEncoding = 4; lastKnownFileType = sourcecode.c.h; name = CKThreadCell.h; path = Views/CKThreadCell.h; sourceTree = "<group>"; };
		546ADC9018689F14000C875F /* CKThreadCell.m */ = {isa = PBXFileReference; fileEncoding = 4; lastKnownFileType = sourcecode.c.objc; name = CKThreadCell.m; path = Views/CKThreadCell.m; sourceTree = "<group>"; };
		546ADC931868A7B0000C875F /* CKThreadDetailPhotoModel.h */ = {isa = PBXFileReference; fileEncoding = 4; lastKnownFileType = sourcecode.c.h; name = CKThreadDetailPhotoModel.h; path = Models/CKThreadDetailPhotoModel.h; sourceTree = "<group>"; };
		546ADC941868A7B0000C875F /* CKThreadDetailPhotoModel.m */ = {isa = PBXFileReference; fileEncoding = 4; lastKnownFileType = sourcecode.c.objc; name = CKThreadDetailPhotoModel.m; path = Models/CKThreadDetailPhotoModel.m; sourceTree = "<group>"; };
		78FF8DB945404C42890B39C7 /* Pods.xcconfig */ = {isa = PBXFileReference; includeInIndex = 1; lastKnownFileType = text.xcconfig; name = Pods.xcconfig; path = Pods/Pods.xcconfig; sourceTree = "<group>"; };
		B5EB77F821F64E14A8BC0C88 /* libPods.a */ = {isa = PBXFileReference; explicitFileType = archive.ar; includeInIndex = 0; path = libPods.a; sourceTree = BUILT_PRODUCTS_DIR; };
		D450B71A8169463584D7930D /* Pods-iloveck101Tests.xcconfig */ = {isa = PBXFileReference; includeInIndex = 1; lastKnownFileType = text.xcconfig; name = "Pods-iloveck101Tests.xcconfig"; path = "Pods/Pods-iloveck101Tests.xcconfig"; sourceTree = "<group>"; };
/* End PBXFileReference section */

/* Begin PBXFrameworksBuildPhase section */
		546ADC3118688159000C875F /* Frameworks */ = {
			isa = PBXFrameworksBuildPhase;
			buildActionMask = 2147483647;
			files = (
				546ADC3A18688159000C875F /* CoreGraphics.framework in Frameworks */,
				546ADC3C18688159000C875F /* UIKit.framework in Frameworks */,
				546ADC3818688159000C875F /* Foundation.framework in Frameworks */,
				F515510285CA42E39E83A6D3 /* libPods.a in Frameworks */,
			);
			runOnlyForDeploymentPostprocessing = 0;
		};
		546ADC521868815A000C875F /* Frameworks */ = {
			isa = PBXFrameworksBuildPhase;
			buildActionMask = 2147483647;
			files = (
				546ADC571868815A000C875F /* XCTest.framework in Frameworks */,
				546ADC591868815A000C875F /* UIKit.framework in Frameworks */,
				546ADC581868815A000C875F /* Foundation.framework in Frameworks */,
				F7AA97531DFA4048BB6295BD /* libPods-iloveck101Tests.a in Frameworks */,
			);
			runOnlyForDeploymentPostprocessing = 0;
		};
/* End PBXFrameworksBuildPhase section */

/* Begin PBXGroup section */
		546ADC2B18688159000C875F = {
			isa = PBXGroup;
			children = (
				546ADC3D18688159000C875F /* iloveck101 */,
				546ADC5C1868815A000C875F /* iloveck101Tests */,
				546ADC3618688159000C875F /* Frameworks */,
				546ADC3518688159000C875F /* Products */,
				78FF8DB945404C42890B39C7 /* Pods.xcconfig */,
				D450B71A8169463584D7930D /* Pods-iloveck101Tests.xcconfig */,
			);
			sourceTree = "<group>";
		};
		546ADC3518688159000C875F /* Products */ = {
			isa = PBXGroup;
			children = (
				546ADC3418688159000C875F /* iloveck101.app */,
				546ADC551868815A000C875F /* iloveck101Tests.xctest */,
			);
			name = Products;
			sourceTree = "<group>";
		};
		546ADC3618688159000C875F /* Frameworks */ = {
			isa = PBXGroup;
			children = (
				546ADC3718688159000C875F /* Foundation.framework */,
				546ADC3918688159000C875F /* CoreGraphics.framework */,
				546ADC3B18688159000C875F /* UIKit.framework */,
				546ADC561868815A000C875F /* XCTest.framework */,
				B5EB77F821F64E14A8BC0C88 /* libPods.a */,
				1AF073818379404F93A8AF57 /* libPods-iloveck101Tests.a */,
			);
			name = Frameworks;
			sourceTree = "<group>";
		};
		546ADC3D18688159000C875F /* iloveck101 */ = {
			isa = PBXGroup;
			children = (
				546ADC8E18689EFC000C875F /* Views */,
				546ADC8918689DF7000C875F /* Controllers */,
				546ADC6C1868830B000C875F /* Models */,
				546ADC4618688159000C875F /* IGAppDelegate.h */,
				546ADC4718688159000C875F /* IGAppDelegate.m */,
				546ADC4F1868815A000C875F /* Images.xcassets */,
				546ADC3E18688159000C875F /* Supporting Files */,
			);
			path = iloveck101;
			sourceTree = "<group>";
		};
		546ADC3E18688159000C875F /* Supporting Files */ = {
			isa = PBXGroup;
			children = (
				546ADC3F18688159000C875F /* iloveck101-Info.plist */,
				546ADC4018688159000C875F /* InfoPlist.strings */,
				546ADC4318688159000C875F /* main.m */,
				546ADC4518688159000C875F /* iloveck101-Prefix.pch */,
			);
			name = "Supporting Files";
			sourceTree = "<group>";
		};
		546ADC5C1868815A000C875F /* iloveck101Tests */ = {
			isa = PBXGroup;
			children = (
				546ADC5D1868815A000C875F /* Supporting Files */,
				546ADC7318688699000C875F /* CKThreadSpec.m */,
				546ADC7B18689103000C875F /* CKThreadDetailSpec.m */,
			);
			path = iloveck101Tests;
			sourceTree = "<group>";
		};
		546ADC5D1868815A000C875F /* Supporting Files */ = {
			isa = PBXGroup;
			children = (
				546ADC5E1868815A000C875F /* iloveck101Tests-Info.plist */,
				546ADC5F1868815A000C875F /* InfoPlist.strings */,
			);
			name = "Supporting Files";
			sourceTree = "<group>";
		};
		546ADC6C1868830B000C875F /* Models */ = {
			isa = PBXGroup;
			children = (
				546ADC8418689BC5000C875F /* Scraper */,
				546ADC6D186883D5000C875F /* CK101Client.h */,
				546ADC6E186883D5000C875F /* CK101Client.m */,
				546ADC701868853F000C875F /* CKThread.h */,
				546ADC711868853F000C875F /* CKThread.m */,
				546ADC7718689005000C875F /* CKThreadDetail.h */,
				546ADC7818689005000C875F /* CKThreadDetail.m */,
				546ADC931868A7B0000C875F /* CKThreadDetailPhotoModel.h */,
				546ADC941868A7B0000C875F /* CKThreadDetailPhotoModel.m */,
			);
			name = Models;
			sourceTree = "<group>";
		};
		546ADC8418689BC5000C875F /* Scraper */ = {
			isa = PBXGroup;
			children = (
				546ADC8018689ADB000C875F /* CKThreadScraper.h */,
				546ADC8118689ADB000C875F /* CKThreadScraper.m */,
				546ADC8518689BD7000C875F /* CKThreadDetailScraper.h */,
				546ADC8618689BD7000C875F /* CKThreadDetailScraper.m */,
			);
			name = Scraper;
			sourceTree = "<group>";
		};
		546ADC8918689DF7000C875F /* Controllers */ = {
			isa = PBXGroup;
			children = (
				546ADC8A18689E2C000C875F /* CKThreadViewController.h */,
				546ADC8B18689E2C000C875F /* CKThreadViewController.m */,
			);
			name = Controllers;
			sourceTree = "<group>";
		};
		546ADC8E18689EFC000C875F /* Views */ = {
			isa = PBXGroup;
			children = (
				546ADC8F18689F14000C875F /* CKThreadCell.h */,
				546ADC9018689F14000C875F /* CKThreadCell.m */,
			);
			name = Views;
			sourceTree = "<group>";
		};
/* End PBXGroup section */

/* Begin PBXNativeTarget section */
		546ADC3318688159000C875F /* iloveck101 */ = {
			isa = PBXNativeTarget;
			buildConfigurationList = 546ADC661868815A000C875F /* Build configuration list for PBXNativeTarget "iloveck101" */;
			buildPhases = (
				A06F4F840E9C4882A6C1D771 /* Check Pods Manifest.lock */,
				546ADC3018688159000C875F /* Sources */,
				546ADC3118688159000C875F /* Frameworks */,
				546ADC3218688159000C875F /* Resources */,
				F9961CE895BA439D8DC18FC5 /* Copy Pods Resources */,
			);
			buildRules = (
			);
			dependencies = (
			);
			name = iloveck101;
			productName = iloveck101;
			productReference = 546ADC3418688159000C875F /* iloveck101.app */;
			productType = "com.apple.product-type.application";
		};
		546ADC541868815A000C875F /* iloveck101Tests */ = {
			isa = PBXNativeTarget;
			buildConfigurationList = 546ADC691868815A000C875F /* Build configuration list for PBXNativeTarget "iloveck101Tests" */;
			buildPhases = (
				FDB494A3F6DC47A5A0149877 /* Check Pods Manifest.lock */,
				546ADC511868815A000C875F /* Sources */,
				546ADC521868815A000C875F /* Frameworks */,
				546ADC531868815A000C875F /* Resources */,
				01D8693870BB41B9B80E5EB2 /* Copy Pods Resources */,
			);
			buildRules = (
			);
			dependencies = (
				546ADC5B1868815A000C875F /* PBXTargetDependency */,
			);
			name = iloveck101Tests;
			productName = iloveck101Tests;
			productReference = 546ADC551868815A000C875F /* iloveck101Tests.xctest */;
			productType = "com.apple.product-type.bundle.unit-test";
		};
/* End PBXNativeTarget section */

/* Begin PBXProject section */
		546ADC2C18688159000C875F /* Project object */ = {
			isa = PBXProject;
			attributes = {
				CLASSPREFIX = IG;
				LastUpgradeCheck = 0500;
				ORGANIZATIONNAME = "Ignition Soft";
				TargetAttributes = {
					546ADC541868815A000C875F = {
						TestTargetID = 546ADC3318688159000C875F;
					};
				};
			};
			buildConfigurationList = 546ADC2F18688159000C875F /* Build configuration list for PBXProject "iloveck101" */;
			compatibilityVersion = "Xcode 3.2";
			developmentRegion = English;
			hasScannedForEncodings = 0;
			knownRegions = (
				en,
				Base,
			);
			mainGroup = 546ADC2B18688159000C875F;
			productRefGroup = 546ADC3518688159000C875F /* Products */;
			projectDirPath = "";
			projectRoot = "";
			targets = (
				546ADC3318688159000C875F /* iloveck101 */,
				546ADC541868815A000C875F /* iloveck101Tests */,
			);
		};
/* End PBXProject section */

/* Begin PBXResourcesBuildPhase section */
		546ADC3218688159000C875F /* Resources */ = {
			isa = PBXResourcesBuildPhase;
			buildActionMask = 2147483647;
			files = (
				546ADC501868815A000C875F /* Images.xcassets in Resources */,
				546ADC4218688159000C875F /* InfoPlist.strings in Resources */,
			);
			runOnlyForDeploymentPostprocessing = 0;
		};
		546ADC531868815A000C875F /* Resources */ = {
			isa = PBXResourcesBuildPhase;
			buildActionMask = 2147483647;
			files = (
				546ADC611868815A000C875F /* InfoPlist.strings in Resources */,
			);
			runOnlyForDeploymentPostprocessing = 0;
		};
/* End PBXResourcesBuildPhase section */

/* Begin PBXShellScriptBuildPhase section */
		01D8693870BB41B9B80E5EB2 /* Copy Pods Resources */ = {
			isa = PBXShellScriptBuildPhase;
			buildActionMask = 2147483647;
			files = (
			);
			inputPaths = (
			);
			name = "Copy Pods Resources";
			outputPaths = (
			);
			runOnlyForDeploymentPostprocessing = 0;
			shellPath = /bin/sh;
			shellScript = "\"${SRCROOT}/Pods/Pods-iloveck101Tests-resources.sh\"\n";
			showEnvVarsInLog = 0;
		};
		A06F4F840E9C4882A6C1D771 /* Check Pods Manifest.lock */ = {
			isa = PBXShellScriptBuildPhase;
			buildActionMask = 2147483647;
			files = (
			);
			inputPaths = (
			);
			name = "Check Pods Manifest.lock";
			outputPaths = (
			);
			runOnlyForDeploymentPostprocessing = 0;
			shellPath = /bin/sh;
			shellScript = "diff \"${PODS_ROOT}/../Podfile.lock\" \"${PODS_ROOT}/Manifest.lock\" > /dev/null\nif [[ $? != 0 ]] ; then\n    cat << EOM\nerror: The sandbox is not in sync with the Podfile.lock. Run 'pod install' or update your CocoaPods installation.\nEOM\n    exit 1\nfi\n";
			showEnvVarsInLog = 0;
		};
		F9961CE895BA439D8DC18FC5 /* Copy Pods Resources */ = {
			isa = PBXShellScriptBuildPhase;
			buildActionMask = 2147483647;
			files = (
			);
			inputPaths = (
			);
			name = "Copy Pods Resources";
			outputPaths = (
			);
			runOnlyForDeploymentPostprocessing = 0;
			shellPath = /bin/sh;
			shellScript = "\"${SRCROOT}/Pods/Pods-resources.sh\"\n";
			showEnvVarsInLog = 0;
		};
		FDB494A3F6DC47A5A0149877 /* Check Pods Manifest.lock */ = {
			isa = PBXShellScriptBuildPhase;
			buildActionMask = 2147483647;
			files = (
			);
			inputPaths = (
			);
			name = "Check Pods Manifest.lock";
			outputPaths = (
			);
			runOnlyForDeploymentPostprocessing = 0;
			shellPath = /bin/sh;
			shellScript = "diff \"${PODS_ROOT}/../Podfile.lock\" \"${PODS_ROOT}/Manifest.lock\" > /dev/null\nif [[ $? != 0 ]] ; then\n    cat << EOM\nerror: The sandbox is not in sync with the Podfile.lock. Run 'pod install' or update your CocoaPods installation.\nEOM\n    exit 1\nfi\n";
			showEnvVarsInLog = 0;
		};
/* End PBXShellScriptBuildPhase section */

/* Begin PBXSourcesBuildPhase section */
		546ADC3018688159000C875F /* Sources */ = {
			isa = PBXSourcesBuildPhase;
			buildActionMask = 2147483647;
			files = (
				546ADC8C18689E2C000C875F /* CKThreadViewController.m in Sources */,
				546ADC4818688159000C875F /* IGAppDelegate.m in Sources */,
				546ADC4418688159000C875F /* main.m in Sources */,
				546ADC951868A7B0000C875F /* CKThreadDetailPhotoModel.m in Sources */,
				546ADC7918689005000C875F /* CKThreadDetail.m in Sources */,
				546ADC8718689BD7000C875F /* CKThreadDetailScraper.m in Sources */,
				546ADC6F186883D5000C875F /* CK101Client.m in Sources */,
				546ADC8218689ADB000C875F /* CKThreadScraper.m in Sources */,
				546ADC721868853F000C875F /* CKThread.m in Sources */,
				546ADC9118689F14000C875F /* CKThreadCell.m in Sources */,
			);
			runOnlyForDeploymentPostprocessing = 0;
		};
		546ADC511868815A000C875F /* Sources */ = {
			isa = PBXSourcesBuildPhase;
			buildActionMask = 2147483647;
			files = (
				546ADC8D18689E2C000C875F /* CKThreadViewController.m in Sources */,
				546ADC9218689F14000C875F /* CKThreadCell.m in Sources */,
				546ADC8318689ADB000C875F /* CKThreadScraper.m in Sources */,
				546ADC961868A7B0000C875F /* CKThreadDetailPhotoModel.m in Sources */,
				546ADC7A18689005000C875F /* CKThreadDetail.m in Sources */,
				546ADC8818689BD7000C875F /* CKThreadDetailScraper.m in Sources */,
				546ADC7D18689103000C875F /* CKThreadDetailSpec.m in Sources */,
				546ADC7418688699000C875F /* CKThreadSpec.m in Sources */,
				546ADC76186887C1000C875F /* CKThread.m in Sources */,
				546ADC75186887C1000C875F /* CK101Client.m in Sources */,
			);
			runOnlyForDeploymentPostprocessing = 0;
		};
/* End PBXSourcesBuildPhase section */

/* Begin PBXTargetDependency section */
		546ADC5B1868815A000C875F /* PBXTargetDependency */ = {
			isa = PBXTargetDependency;
			target = 546ADC3318688159000C875F /* iloveck101 */;
			targetProxy = 546ADC5A1868815A000C875F /* PBXContainerItemProxy */;
		};
/* End PBXTargetDependency section */

/* Begin PBXVariantGroup section */
		546ADC4018688159000C875F /* InfoPlist.strings */ = {
			isa = PBXVariantGroup;
			children = (
				546ADC4118688159000C875F /* en */,
			);
			name = InfoPlist.strings;
			sourceTree = "<group>";
		};
		546ADC5F1868815A000C875F /* InfoPlist.strings */ = {
			isa = PBXVariantGroup;
			children = (
				546ADC601868815A000C875F /* en */,
			);
			name = InfoPlist.strings;
			sourceTree = "<group>";
		};
/* End PBXVariantGroup section */

/* Begin XCBuildConfiguration section */
		546ADC641868815A000C875F /* Debug */ = {
			isa = XCBuildConfiguration;
			buildSettings = {
				ALWAYS_SEARCH_USER_PATHS = NO;
				ARCHS = "$(ARCHS_STANDARD_INCLUDING_64_BIT)";
				CLANG_CXX_LANGUAGE_STANDARD = "gnu++0x";
				CLANG_CXX_LIBRARY = "libc++";
				CLANG_ENABLE_MODULES = YES;
				CLANG_ENABLE_OBJC_ARC = YES;
				CLANG_WARN_BOOL_CONVERSION = YES;
				CLANG_WARN_CONSTANT_CONVERSION = YES;
				CLANG_WARN_DIRECT_OBJC_ISA_USAGE = YES_ERROR;
				CLANG_WARN_EMPTY_BODY = YES;
				CLANG_WARN_ENUM_CONVERSION = YES;
				CLANG_WARN_INT_CONVERSION = YES;
				CLANG_WARN_OBJC_ROOT_CLASS = YES_ERROR;
				CLANG_WARN__DUPLICATE_METHOD_MATCH = YES;
				"CODE_SIGN_IDENTITY[sdk=iphoneos*]" = "iPhone Developer";
				COPY_PHASE_STRIP = NO;
				GCC_C_LANGUAGE_STANDARD = gnu99;
				GCC_DYNAMIC_NO_PIC = NO;
				GCC_OPTIMIZATION_LEVEL = 0;
				GCC_PREPROCESSOR_DEFINITIONS = (
					"DEBUG=1",
					"$(inherited)",
				);
				GCC_SYMBOLS_PRIVATE_EXTERN = NO;
				GCC_WARN_64_TO_32_BIT_CONVERSION = YES;
				GCC_WARN_ABOUT_RETURN_TYPE = YES_ERROR;
				GCC_WARN_UNDECLARED_SELECTOR = YES;
				GCC_WARN_UNINITIALIZED_AUTOS = YES;
				GCC_WARN_UNUSED_FUNCTION = YES;
				GCC_WARN_UNUSED_VARIABLE = YES;
				IPHONEOS_DEPLOYMENT_TARGET = 7.0;
				ONLY_ACTIVE_ARCH = YES;
				SDKROOT = iphoneos;
			};
			name = Debug;
		};
		546ADC651868815A000C875F /* Release */ = {
			isa = XCBuildConfiguration;
			buildSettings = {
				ALWAYS_SEARCH_USER_PATHS = NO;
				ARCHS = "$(ARCHS_STANDARD_INCLUDING_64_BIT)";
				CLANG_CXX_LANGUAGE_STANDARD = "gnu++0x";
				CLANG_CXX_LIBRARY = "libc++";
				CLANG_ENABLE_MODULES = YES;
				CLANG_ENABLE_OBJC_ARC = YES;
				CLANG_WARN_BOOL_CONVERSION = YES;
				CLANG_WARN_CONSTANT_CONVERSION = YES;
				CLANG_WARN_DIRECT_OBJC_ISA_USAGE = YES_ERROR;
				CLANG_WARN_EMPTY_BODY = YES;
				CLANG_WARN_ENUM_CONVERSION = YES;
				CLANG_WARN_INT_CONVERSION = YES;
				CLANG_WARN_OBJC_ROOT_CLASS = YES_ERROR;
				CLANG_WARN__DUPLICATE_METHOD_MATCH = YES;
				"CODE_SIGN_IDENTITY[sdk=iphoneos*]" = "iPhone Developer";
				COPY_PHASE_STRIP = YES;
				ENABLE_NS_ASSERTIONS = NO;
				GCC_C_LANGUAGE_STANDARD = gnu99;
				GCC_WARN_64_TO_32_BIT_CONVERSION = YES;
				GCC_WARN_ABOUT_RETURN_TYPE = YES_ERROR;
				GCC_WARN_UNDECLARED_SELECTOR = YES;
				GCC_WARN_UNINITIALIZED_AUTOS = YES;
				GCC_WARN_UNUSED_FUNCTION = YES;
				GCC_WARN_UNUSED_VARIABLE = YES;
				IPHONEOS_DEPLOYMENT_TARGET = 7.0;
				SDKROOT = iphoneos;
				VALIDATE_PRODUCT = YES;
			};
			name = Release;
		};
		546ADC671868815A000C875F /* Debug */ = {
			isa = XCBuildConfiguration;
			baseConfigurationReference = 78FF8DB945404C42890B39C7 /* Pods.xcconfig */;
			buildSettings = {
				ASSETCATALOG_COMPILER_APPICON_NAME = AppIcon;
				ASSETCATALOG_COMPILER_LAUNCHIMAGE_NAME = LaunchImage;
				GCC_PRECOMPILE_PREFIX_HEADER = YES;
				GCC_PREFIX_HEADER = "iloveck101/iloveck101-Prefix.pch";
				INFOPLIST_FILE = "iloveck101/iloveck101-Info.plist";
				PRODUCT_NAME = "$(TARGET_NAME)";
				TARGETED_DEVICE_FAMILY = "1,2";
				WRAPPER_EXTENSION = app;
			};
			name = Debug;
		};
		546ADC681868815A000C875F /* Release */ = {
			isa = XCBuildConfiguration;
			baseConfigurationReference = 78FF8DB945404C42890B39C7 /* Pods.xcconfig */;
			buildSettings = {
				ASSETCATALOG_COMPILER_APPICON_NAME = AppIcon;
				ASSETCATALOG_COMPILER_LAUNCHIMAGE_NAME = LaunchImage;
				GCC_PRECOMPILE_PREFIX_HEADER = YES;
				GCC_PREFIX_HEADER = "iloveck101/iloveck101-Prefix.pch";
				INFOPLIST_FILE = "iloveck101/iloveck101-Info.plist";
				PRODUCT_NAME = "$(TARGET_NAME)";
				TARGETED_DEVICE_FAMILY = "1,2";
				WRAPPER_EXTENSION = app;
			};
			name = Release;
		};
		546ADC6A1868815A000C875F /* Debug */ = {
			isa = XCBuildConfiguration;
			baseConfigurationReference = D450B71A8169463584D7930D /* Pods-iloveck101Tests.xcconfig */;
			buildSettings = {
				ARCHS = "$(ARCHS_STANDARD_INCLUDING_64_BIT)";
				FRAMEWORK_SEARCH_PATHS = (
					"$(SDKROOT)/Developer/Library/Frameworks",
					"$(inherited)",
					"$(DEVELOPER_FRAMEWORKS_DIR)",
				);
				GCC_PRECOMPILE_PREFIX_HEADER = YES;
				GCC_PREFIX_HEADER = "iloveck101/iloveck101-Prefix.pch";
				GCC_PREPROCESSOR_DEFINITIONS = (
					"DEBUG=1",
					"$(inherited)",
				);
				INFOPLIST_FILE = "iloveck101Tests/iloveck101Tests-Info.plist";
				PRODUCT_NAME = "$(TARGET_NAME)";
				WRAPPER_EXTENSION = xctest;
			};
			name = Debug;
		};
		546ADC6B1868815A000C875F /* Release */ = {
			isa = XCBuildConfiguration;
			baseConfigurationReference = D450B71A8169463584D7930D /* Pods-iloveck101Tests.xcconfig */;
			buildSettings = {
				ARCHS = "$(ARCHS_STANDARD_INCLUDING_64_BIT)";
				FRAMEWORK_SEARCH_PATHS = (
					"$(SDKROOT)/Developer/Library/Frameworks",
					"$(inherited)",
					"$(DEVELOPER_FRAMEWORKS_DIR)",
				);
				GCC_PRECOMPILE_PREFIX_HEADER = YES;
				GCC_PREFIX_HEADER = "iloveck101/iloveck101-Prefix.pch";
				INFOPLIST_FILE = "iloveck101Tests/iloveck101Tests-Info.plist";
				PRODUCT_NAME = "$(TARGET_NAME)";
				WRAPPER_EXTENSION = xctest;
			};
			name = Release;
		};
/* End XCBuildConfiguration section */

/* Begin XCConfigurationList section */
		546ADC2F18688159000C875F /* Build configuration list for PBXProject "iloveck101" */ = {
			isa = XCConfigurationList;
			buildConfigurations = (
				546ADC641868815A000C875F /* Debug */,
				546ADC651868815A000C875F /* Release */,
			);
			defaultConfigurationIsVisible = 0;
			defaultConfigurationName = Release;
		};
		546ADC661868815A000C875F /* Build configuration list for PBXNativeTarget "iloveck101" */ = {
			isa = XCConfigurationList;
			buildConfigurations = (
				546ADC671868815A000C875F /* Debug */,
				546ADC681868815A000C875F /* Release */,
			);
			defaultConfigurationIsVisible = 0;
			defaultConfigurationName = Release;
		};
		546ADC691868815A000C875F /* Build configuration list for PBXNativeTarget "iloveck101Tests" */ = {
			isa = XCConfigurationList;
			buildConfigurations = (
				546ADC6A1868815A000C875F /* Debug */,
				546ADC6B1868815A000C875F /* Release */,
			);
			defaultConfigurationIsVisible = 0;
			defaultConfigurationName = Release;
		};
/* End XCConfigurationList section */
	};
	rootObject = 546ADC2C18688159000C875F /* Project object */;
}
